
Microsoft Visual Studio Solution File, Format Version 12.00
# Visual Studio Version 16
VisualStudioVersion = 16.0.29905.134
MinimumVisualStudioVersion = 10.0.40219.1
Project("{FAE04EC0-301F-11D3-BF4B-00C04F79EFBC}") = "SquadsV", "SquadsV\SquadsV.csproj", "{FF3744BB-E85D-432D-94E2-3A13B11D6EBD}"
EndProject
Global
	GlobalSection(SolutionConfigurationPlatforms) = preSolution
		Debug|Any CPU = Debug|Any CPU
		Release|Any CPU = Release|Any CPU
	EndGlobalSection
	GlobalSection(ProjectConfigurationPlatforms) = postSolution
		{FF3744BB-E85D-432D-94E2-3A13B11D6EBD}.Debug|Any CPU.ActiveCfg = Debug|Any CPU
		{FF3744BB-E85D-432D-94E2-3A13B11D6EBD}.Debug|Any CPU.Build.0 = Debug|Any CPU
		{FF3744BB-E85D-432D-94E2-3A13B11D6EBD}.Release|Any CPU.ActiveCfg = Release|Any CPU
		{FF3744BB-E85D-432D-94E2-3A13B11D6EBD}.Release|Any CPU.Build.0 = Release|Any CPU
	EndGlobalSection
	GlobalSection(SolutionProperties) = preSolution
		HideSolutionNode = FALSE
	EndGlobalSection
	GlobalSection(ExtensibilityGlobals) = postSolution
		SolutionGuid = {6A1E79D3-5A2D-4548-BF12-E294EFEE1B92}
	EndGlobalSection
EndGlobal
